
Microsoft Visual Studio Solution File, Format Version 12.00
# Visual Studio Version 16
VisualStudioVersion = 16.0.29326.143
MinimumVisualStudioVersion = 10.0.40219.1
Project("{FAE04EC0-301F-11D3-BF4B-00C04F79EFBC}") = "Novella.Android", "Novella\Novella.Android\Novella.Android.csproj", "{6B0817BD-68A3-4F10-9999-7A77A763B4AA}"
EndProject
Project("{FAE04EC0-301F-11D3-BF4B-00C04F79EFBC}") = "Novella", "Novella\Novella\Novella.csproj", "{8F8111F0-D1F8-4732-BC08-BB464BE4A797}"
EndProject
Global
	GlobalSection(SolutionConfigurationPlatforms) = preSolution
		Debug|Any CPU = Debug|Any CPU
		Release|Any CPU = Release|Any CPU
	EndGlobalSection
	GlobalSection(ProjectConfigurationPlatforms) = postSolution
		{6B0817BD-68A3-4F10-9999-7A77A763B4AA}.Debug|Any CPU.ActiveCfg = Debug|Any CPU
		{6B0817BD-68A3-4F10-9999-7A77A763B4AA}.Debug|Any CPU.Build.0 = Debug|Any CPU
		{6B0817BD-68A3-4F10-9999-7A77A763B4AA}.Debug|Any CPU.Deploy.0 = Debug|Any CPU
		{6B0817BD-68A3-4F10-9999-7A77A763B4AA}.Release|Any CPU.ActiveCfg = Release|Any CPU
		{6B0817BD-68A3-4F10-9999-7A77A763B4AA}.Release|Any CPU.Build.0 = Release|Any CPU
		{6B0817BD-68A3-4F10-9999-7A77A763B4AA}.Release|Any CPU.Deploy.0 = Release|Any CPU
		{8F8111F0-D1F8-4732-BC08-BB464BE4A797}.Debug|Any CPU.ActiveCfg = Debug|Any CPU
		{8F8111F0-D1F8-4732-BC08-BB464BE4A797}.Debug|Any CPU.Build.0 = Debug|Any CPU
		{8F8111F0-D1F8-4732-BC08-BB464BE4A797}.Debug|Any CPU.Deploy.0 = Debug|Any CPU
		{8F8111F0-D1F8-4732-BC08-BB464BE4A797}.Release|Any CPU.ActiveCfg = Release|Any CPU
		{8F8111F0-D1F8-4732-BC08-BB464BE4A797}.Release|Any CPU.Build.0 = Release|Any CPU
		{8F8111F0-D1F8-4732-BC08-BB464BE4A797}.Release|Any CPU.Deploy.0 = Release|Any CPU
	EndGlobalSection
	GlobalSection(SolutionProperties) = preSolution
		HideSolutionNode = FALSE
	EndGlobalSection
	GlobalSection(ExtensibilityGlobals) = postSolution
		SolutionGuid = {6F03360D-D417-4603-A981-9A426732EE6D}
	EndGlobalSection
EndGlobal
