
Microsoft Visual Studio Solution File, Format Version 12.00
# Visual Studio Version 16
VisualStudioVersion = 16.0.29326.143
MinimumVisualStudioVersion = 10.0.40219.1
Project("{FAE04EC0-301F-11D3-BF4B-00C04F79EFBC}") = "App2.Android", "App2\App2.Android\App2.Android.csproj", "{30ED562A-85F5-4E7D-9F9A-F647D946F931}"
EndProject
Project("{FAE04EC0-301F-11D3-BF4B-00C04F79EFBC}") = "App2.iOS", "App2\App2.iOS\App2.iOS.csproj", "{97703E43-AAB3-4B2F-9D36-598827BE2C83}"
EndProject
Project("{FAE04EC0-301F-11D3-BF4B-00C04F79EFBC}") = "App2", "App2\App2\App2.csproj", "{5BD650A5-08EB-4876-9195-CD0777DA2CD7}"
EndProject
Global
	GlobalSection(SolutionConfigurationPlatforms) = preSolution
		Debug|Any CPU = Debug|Any CPU
		Debug|iPhone = Debug|iPhone
		Debug|iPhoneSimulator = Debug|iPhoneSimulator
		Release|Any CPU = Release|Any CPU
		Release|iPhone = Release|iPhone
		Release|iPhoneSimulator = Release|iPhoneSimulator
	EndGlobalSection
	GlobalSection(ProjectConfigurationPlatforms) = postSolution
		{30ED562A-85F5-4E7D-9F9A-F647D946F931}.Debug|Any CPU.ActiveCfg = Debug|Any CPU
		{30ED562A-85F5-4E7D-9F9A-F647D946F931}.Debug|Any CPU.Build.0 = Debug|Any CPU
		{30ED562A-85F5-4E7D-9F9A-F647D946F931}.Debug|Any CPU.Deploy.0 = Debug|Any CPU
		{30ED562A-85F5-4E7D-9F9A-F647D946F931}.Debug|iPhone.ActiveCfg = Debug|Any CPU
		{30ED562A-85F5-4E7D-9F9A-F647D946F931}.Debug|iPhone.Build.0 = Debug|Any CPU
		{30ED562A-85F5-4E7D-9F9A-F647D946F931}.Debug|iPhone.Deploy.0 = Debug|Any CPU
		{30ED562A-85F5-4E7D-9F9A-F647D946F931}.Debug|iPhoneSimulator.ActiveCfg = Debug|Any CPU
		{30ED562A-85F5-4E7D-9F9A-F647D946F931}.Debug|iPhoneSimulator.Build.0 = Debug|Any CPU
		{30ED562A-85F5-4E7D-9F9A-F647D946F931}.Debug|iPhoneSimulator.Deploy.0 = Debug|Any CPU
		{30ED562A-85F5-4E7D-9F9A-F647D946F931}.Release|Any CPU.ActiveCfg = Release|Any CPU
		{30ED562A-85F5-4E7D-9F9A-F647D946F931}.Release|Any CPU.Build.0 = Release|Any CPU
		{30ED562A-85F5-4E7D-9F9A-F647D946F931}.Release|Any CPU.Deploy.0 = Release|Any CPU
		{30ED562A-85F5-4E7D-9F9A-F647D946F931}.Release|iPhone.ActiveCfg = Release|Any CPU
		{30ED562A-85F5-4E7D-9F9A-F647D946F931}.Release|iPhone.Build.0 = Release|Any CPU
		{30ED562A-85F5-4E7D-9F9A-F647D946F931}.Release|iPhone.Deploy.0 = Release|Any CPU
		{30ED562A-85F5-4E7D-9F9A-F647D946F931}.Release|iPhoneSimulator.ActiveCfg = Release|Any CPU
		{30ED562A-85F5-4E7D-9F9A-F647D946F931}.Release|iPhoneSimulator.Build.0 = Release|Any CPU
		{30ED562A-85F5-4E7D-9F9A-F647D946F931}.Release|iPhoneSimulator.Deploy.0 = Release|Any CPU
		{97703E43-AAB3-4B2F-9D36-598827BE2C83}.Debug|Any CPU.ActiveCfg = Debug|iPhoneSimulator
		{97703E43-AAB3-4B2F-9D36-598827BE2C83}.Debug|Any CPU.Build.0 = Debug|iPhoneSimulator
		{97703E43-AAB3-4B2F-9D36-598827BE2C83}.Debug|Any CPU.Deploy.0 = Debug|iPhoneSimulator
		{97703E43-AAB3-4B2F-9D36-598827BE2C83}.Debug|iPhone.ActiveCfg = Debug|iPhone
		{97703E43-AAB3-4B2F-9D36-598827BE2C83}.Debug|iPhone.Build.0 = Debug|iPhone
		{97703E43-AAB3-4B2F-9D36-598827BE2C83}.Debug|iPhone.Deploy.0 = Debug|iPhone
		{97703E43-AAB3-4B2F-9D36-598827BE2C83}.Debug|iPhoneSimulator.ActiveCfg = Debug|iPhoneSimulator
		{97703E43-AAB3-4B2F-9D36-598827BE2C83}.Debug|iPhoneSimulator.Build.0 = Debug|iPhoneSimulator
		{97703E43-AAB3-4B2F-9D36-598827BE2C83}.Debug|iPhoneSimulator.Deploy.0 = Debug|iPhoneSimulator
		{97703E43-AAB3-4B2F-9D36-598827BE2C83}.Release|Any CPU.ActiveCfg = Release|iPhone
		{97703E43-AAB3-4B2F-9D36-598827BE2C83}.Release|Any CPU.Build.0 = Release|iPhone
		{97703E43-AAB3-4B2F-9D36-598827BE2C83}.Release|Any CPU.Deploy.0 = Release|iPhone
		{97703E43-AAB3-4B2F-9D36-598827BE2C83}.Release|iPhone.ActiveCfg = Release|iPhone
		{97703E43-AAB3-4B2F-9D36-598827BE2C83}.Release|iPhone.Build.0 = Release|iPhone
		{97703E43-AAB3-4B2F-9D36-598827BE2C83}.Release|iPhone.Deploy.0 = Release|iPhone
		{97703E43-AAB3-4B2F-9D36-598827BE2C83}.Release|iPhoneSimulator.ActiveCfg = Release|iPhoneSimulator
		{97703E43-AAB3-4B2F-9D36-598827BE2C83}.Release|iPhoneSimulator.Build.0 = Release|iPhoneSimulator
		{97703E43-AAB3-4B2F-9D36-598827BE2C83}.Release|iPhoneSimulator.Deploy.0 = Release|iPhoneSimulator
		{5BD650A5-08EB-4876-9195-CD0777DA2CD7}.Debug|Any CPU.ActiveCfg = Debug|Any CPU
		{5BD650A5-08EB-4876-9195-CD0777DA2CD7}.Debug|Any CPU.Build.0 = Debug|Any CPU
		{5BD650A5-08EB-4876-9195-CD0777DA2CD7}.Debug|Any CPU.Deploy.0 = Debug|Any CPU
		{5BD650A5-08EB-4876-9195-CD0777DA2CD7}.Debug|iPhone.ActiveCfg = Debug|Any CPU
		{5BD650A5-08EB-4876-9195-CD0777DA2CD7}.Debug|iPhone.Build.0 = Debug|Any CPU
		{5BD650A5-08EB-4876-9195-CD0777DA2CD7}.Debug|iPhone.Deploy.0 = Debug|Any CPU
		{5BD650A5-08EB-4876-9195-CD0777DA2CD7}.Debug|iPhoneSimulator.ActiveCfg = Debug|Any CPU
		{5BD650A5-08EB-4876-9195-CD0777DA2CD7}.Debug|iPhoneSimulator.Build.0 = Debug|Any CPU
		{5BD650A5-08EB-4876-9195-CD0777DA2CD7}.Debug|iPhoneSimulator.Deploy.0 = Debug|Any CPU
		{5BD650A5-08EB-4876-9195-CD0777DA2CD7}.Release|Any CPU.ActiveCfg = Release|Any CPU
		{5BD650A5-08EB-4876-9195-CD0777DA2CD7}.Release|Any CPU.Build.0 = Release|Any CPU
		{5BD650A5-08EB-4876-9195-CD0777DA2CD7}.Release|Any CPU.Deploy.0 = Release|Any CPU
		{5BD650A5-08EB-4876-9195-CD0777DA2CD7}.Release|iPhone.ActiveCfg = Release|Any CPU
		{5BD650A5-08EB-4876-9195-CD0777DA2CD7}.Release|iPhone.Build.0 = Release|Any CPU
		{5BD650A5-08EB-4876-9195-CD0777DA2CD7}.Release|iPhone.Deploy.0 = Release|Any CPU
		{5BD650A5-08EB-4876-9195-CD0777DA2CD7}.Release|iPhoneSimulator.ActiveCfg = Release|Any CPU
		{5BD650A5-08EB-4876-9195-CD0777DA2CD7}.Release|iPhoneSimulator.Build.0 = Release|Any CPU
		{5BD650A5-08EB-4876-9195-CD0777DA2CD7}.Release|iPhoneSimulator.Deploy.0 = Release|Any CPU
	EndGlobalSection
	GlobalSection(SolutionProperties) = preSolution
		HideSolutionNode = FALSE
	EndGlobalSection
	GlobalSection(ExtensibilityGlobals) = postSolution
		SolutionGuid = {E252B60C-16B9-483B-9AC9-E0357580ADBA}
	EndGlobalSection
EndGlobal
